
Microsoft Visual Studio Solution File, Format Version 12.00
# Visual Studio Version 16
VisualStudioVersion = 16.0.29728.190
MinimumVisualStudioVersion = 10.0.40219.1
Project("{F184B08F-C81C-45F6-A57F-5ABD9991F28F}") = "KolejkowanieZaladunku", "KolejkowanieZaladunku\KolejkowanieZaladunku.vbproj", "{488DA34C-6546-4A35-A458-780CD8A358F3}"
EndProject
Global
	GlobalSection(SolutionConfigurationPlatforms) = preSolution
		Debug|Any CPU = Debug|Any CPU
		Release|Any CPU = Release|Any CPU
	EndGlobalSection
	GlobalSection(ProjectConfigurationPlatforms) = postSolution
		{488DA34C-6546-4A35-A458-780CD8A358F3}.Debug|Any CPU.ActiveCfg = Debug|Any CPU
		{488DA34C-6546-4A35-A458-780CD8A358F3}.Debug|Any CPU.Build.0 = Debug|Any CPU
		{488DA34C-6546-4A35-A458-780CD8A358F3}.Release|Any CPU.ActiveCfg = Release|Any CPU
		{488DA34C-6546-4A35-A458-780CD8A358F3}.Release|Any CPU.Build.0 = Release|Any CPU
	EndGlobalSection
	GlobalSection(SolutionProperties) = preSolution
		HideSolutionNode = FALSE
	EndGlobalSection
	GlobalSection(ExtensibilityGlobals) = postSolution
		SolutionGuid = {C1E25F2A-525C-43A4-BA12-2F9D949E5515}
	EndGlobalSection
EndGlobal
